{
  "version": 4,
  "terraform_version": "1.15.7",
  "serial": 22,
  "lineage": "e6efe749-7ebe-b2d9-8a35-063dd779dd59",
  "outputs": {
    "api_log_group": {
      "value": "/fip/local/api",
      "type": "string"
    },
    "artifacts_bucket": {
      "value": "fip-local-artifacts",
      "type": "string"
    },
    "dlq_url": {
      "value": "http://localhost:4566/000000000000/fip-local-feedback-dlq",
      "type": "string"
    },
    "eks_cluster_name": {
      "value": "fip-local-eks",
      "type": "string"
    },
    "kafka_bootstrap_brokers": {
      "value": "172.17.0.4:9092",
      "type": "string"
    },
    "local_aws_endpoint": {
      "value": "http://localhost:4566",
      "type": "string"
    },
    "msk_cluster_name": {
      "value": "fip-local-msk",
      "type": "string"
    },
    "processed_bucket": {
      "value": "fip-local-processed",
      "type": "string"
    },
    "raw_bucket": {
      "value": "fip-local-raw",
      "type": "string"
    }
  },
  "resources": [
    {
      "mode": "managed",
      "type": "aws_cloudwatch_log_group",
      "name": "api",
      "provider": "provider[\"registry.terraform.io/hashicorp/aws\"]",
      "instances": [
        {
          "schema_version": 0,
          "attributes": {
            "arn": "arn:aws:logs:us-west-2:000000000000:log-group:/fip/local/api",
            "id": "/fip/local/api",
            "kms_key_id": "",
            "log_group_class": "",
            "name": "/fip/local/api",
            "name_prefix": "",
            "retention_in_days": 7,
            "skip_destroy": false,
            "tags": {
              "Environment": "local",
              "ManagedBy": "terraform",
              "Project": "feedback-intelligence-platform",
              "Tenant": "curry_bowl_express"
            },
            "tags_all": {
              "Environment": "local",
              "ManagedBy": "terraform",
              "Project": "feedback-intelligence-platform",
              "Tenant": "curry_bowl_express"
            }
          },
          "sensitive_attributes": [],
          "identity_schema_version": 0,
          "private": "bnVsbA=="
        }
      ]
    },
    {
      "mode": "managed",
      "type": "aws_cloudwatch_log_group",
      "name": "ingestion",
      "provider": "provider[\"registry.terraform.io/hashicorp/aws\"]",
      "instances": [
        {
          "schema_version": 0,
          "attributes": {
            "arn": "arn:aws:logs:us-west-2:000000000000:log-group:/fip/local/ingestion",
            "id": "/fip/local/ingestion",
            "kms_key_id": "",
            "log_group_class": "",
            "name": "/fip/local/ingestion",
            "name_prefix": "",
            "retention_in_days": 7,
            "skip_destroy": false,
            "tags": {
              "Environment": "local",
              "ManagedBy": "terraform",
              "Project": "feedback-intelligence-platform",
              "Tenant": "curry_bowl_express"
            },
            "tags_all": {
              "Environment": "local",
              "ManagedBy": "terraform",
              "Project": "feedback-intelligence-platform",
              "Tenant": "curry_bowl_express"
            }
          },
          "sensitive_attributes": [],
          "identity_schema_version": 0,
          "private": "bnVsbA=="
        }
      ]
    },
    {
      "mode": "managed",
      "type": "aws_ecr_repository",
      "name": "api",
      "provider": "provider[\"registry.terraform.io/hashicorp/aws\"]",
      "instances": [
        {
          "schema_version": 0,
          "attributes": {
            "arn": "arn:aws:ecr:us-west-2:000000000000:repository/fip-local/api",
            "encryption_configuration": [
              {
                "encryption_type": "AES256",
                "kms_key": ""
              }
            ],
            "force_delete": null,
            "id": "fip-local/api",
            "image_scanning_configuration": [
              {
                "scan_on_push": false
              }
            ],
            "image_tag_mutability": "MUTABLE",
            "name": "fip-local/api",
            "registry_id": "000000000000",
            "repository_url": "000000000000.dkr.ecr.us-west-2.localhost:5000/fip-local/api",
            "tags": {
              "Environment": "local",
              "ManagedBy": "terraform",
              "Project": "feedback-intelligence-platform",
              "Tenant": "curry_bowl_express"
            },
            "tags_all": {
              "Environment": "local",
              "ManagedBy": "terraform",
              "Project": "feedback-intelligence-platform",
              "Tenant": "curry_bowl_express"
            },
            "timeouts": null
          },
          "sensitive_attributes": [],
          "identity_schema_version": 0,
          "private": "eyJlMmJmYjczMC1lY2FhLTExZTYtOGY4OC0zNDM2M2JjN2M0YzAiOnsiZGVsZXRlIjoxMjAwMDAwMDAwMDAwfX0="
        }
      ]
    },
    {
      "mode": "managed",
      "type": "aws_ecr_repository",
      "name": "workers",
      "provider": "provider[\"registry.terraform.io/hashicorp/aws\"]",
      "instances": [
        {
          "schema_version": 0,
          "attributes": {
            "arn": "arn:aws:ecr:us-west-2:000000000000:repository/fip-local/workers",
            "encryption_configuration": [
              {
                "encryption_type": "AES256",
                "kms_key": ""
              }
            ],
            "force_delete": null,
            "id": "fip-local/workers",
            "image_scanning_configuration": [
              {
                "scan_on_push": false
              }
            ],
            "image_tag_mutability": "MUTABLE",
            "name": "fip-local/workers",
            "registry_id": "000000000000",
            "repository_url": "000000000000.dkr.ecr.us-west-2.localhost:5000/fip-local/workers",
            "tags": {
              "Environment": "local",
              "ManagedBy": "terraform",
              "Project": "feedback-intelligence-platform",
              "Tenant": "curry_bowl_express"
            },
            "tags_all": {
              "Environment": "local",
              "ManagedBy": "terraform",
              "Project": "feedback-intelligence-platform",
              "Tenant": "curry_bowl_express"
            },
            "timeouts": null
          },
          "sensitive_attributes": [],
          "identity_schema_version": 0,
          "private": "eyJlMmJmYjczMC1lY2FhLTExZTYtOGY4OC0zNDM2M2JjN2M0YzAiOnsiZGVsZXRlIjoxMjAwMDAwMDAwMDAwfX0="
        }
      ]
    },
    {
      "mode": "managed",
      "type": "aws_eks_cluster",
      "name": "main",
      "provider": "provider[\"registry.terraform.io/hashicorp/aws\"]",
      "instances": [
        {
          "schema_version": 1,
          "attributes": {
            "access_config": [],
            "arn": "arn:aws:eks:us-east-1:000000000000:cluster/fip-local-eks",
            "bootstrap_self_managed_addons": true,
            "certificate_authority": [
              {
                "data": "LS0tLS1CRUdJTiBDRVJUSUZJQ0FURS0tLS0tCk1JSUJkekNDQVIyZ0F3SUJBZ0lCQURBS0JnZ3Foa2pPUFFRREFqQWpNU0V3SHdZRFZRUUREQmhyTTNNdGMyVnkKZG1WeUxXTmhRREUzT0RJMk1UZ3hPVE13SGhjTk1qWXdOakk0TURNME16RXpXaGNOTXpZd05qSTFNRE0wTXpFegpXakFqTVNFd0h3WURWUVFEREJock0zTXRjMlZ5ZG1WeUxXTmhRREUzT0RJMk1UZ3hPVE13V1RBVEJnY3Foa2pPClBRSUJCZ2dxaGtqT1BRTUJCd05DQUFSbCtUSjVTdmxBSk00Nkp3M2VlLzg0ak1ONVE3OFAzNWpERVRjdmw1R3YKNDllOWpWZDRLZFg5OG5hdkgydWtibjYyZjdiWlZCN3JsaDkrRk13bEhXbVRvMEl3UURBT0JnTlZIUThCQWY4RQpCQU1DQXFRd0R3WURWUjBUQVFIL0JBVXdBd0VCL3pBZEJnTlZIUTRFRmdRVW92VzJnTmJmUnQrR2x0K3VRUGhCCnJmSmRHVEV3Q2dZSUtvWkl6ajBFQXdJRFNBQXdSUUloQUtJZHVua3RLbW00bmVKQzR5VkhaVEljaXJ0Um14Uy8KcnJGN2E2V0k1cnpaQWlCSFplMXlreWgvTWxTZmp3TUJnU1BkRkJJb1hoZ1ZzTDQ1K0FvQVFmSmo3UT09Ci0tLS0tRU5EIENFUlRJRklDQVRFLS0tLS0K"
              }
            ],
            "cluster_id": null,
            "compute_config": [],
            "created_at": "2026-06-28T03:43:13Z",
            "enabled_cluster_log_types": null,
            "encryption_config": [],
            "endpoint": "https://localhost:6500",
            "force_update_version": null,
            "id": "fip-local-eks",
            "identity": [],
            "kubernetes_network_config": [
              {
                "elastic_load_balancing": [],
                "ip_family": "ipv4",
                "service_ipv4_cidr": "10.100.0.0/16",
                "service_ipv6_cidr": ""
              }
            ],
            "name": "fip-local-eks",
            "outpost_config": [],
            "platform_version": "eks.1",
            "remote_network_config": [],
            "role_arn": "arn:aws:iam::000000000000:role/fip-local-eks-cluster-role",
            "status": "ACTIVE",
            "storage_config": [],
            "tags": {
              "Environment": "local",
              "ManagedBy": "terraform",
              "Project": "feedback-intelligence-platform",
              "Tenant": "curry_bowl_express"
            },
            "tags_all": {
              "Environment": "local",
              "ManagedBy": "terraform",
              "Project": "feedback-intelligence-platform",
              "Tenant": "curry_bowl_express"
            },
            "timeouts": null,
            "upgrade_policy": [],
            "version": "1.29",
            "vpc_config": [
              {
                "cluster_security_group_id": "",
                "endpoint_private_access": false,
                "endpoint_public_access": true,
                "public_access_cidrs": [
                  "0.0.0.0/0"
                ],
                "security_group_ids": [
                  "sg-23d7d8a7a8ddeda44"
                ],
                "subnet_ids": [
                  "subnet-2d3f1da6",
                  "subnet-fd713916"
                ],
                "vpc_id": ""
              }
            ],
            "zonal_shift_config": []
          },
          "sensitive_attributes": [],
          "identity_schema_version": 0,
          "private": "eyJlMmJmYjczMC1lY2FhLTExZTYtOGY4OC0zNDM2M2JjN2M0YzAiOnsiY3JlYXRlIjoxODAwMDAwMDAwMDAwLCJkZWxldGUiOjkwMDAwMDAwMDAwMCwidXBkYXRlIjozNjAwMDAwMDAwMDAwfSwic2NoZW1hX3ZlcnNpb24iOiIxIn0=",
          "dependencies": [
            "aws_iam_role.eks_cluster_role",
            "aws_security_group.platform",
            "aws_subnet.private_a",
            "aws_subnet.private_b",
            "aws_vpc.main"
          ]
        }
      ]
    },
    {
      "mode": "managed",
      "type": "aws_iam_role",
      "name": "app_role",
      "provider": "provider[\"registry.terraform.io/hashicorp/aws\"]",
      "instances": [
        {
          "schema_version": 0,
          "attributes": {
            "arn": "arn:aws:iam::000000000000:role/fip-local-app-role",
            "assume_role_policy": "{\"Statement\":[{\"Action\":\"sts:AssumeRole\",\"Effect\":\"Allow\",\"Principal\":{\"Service\":\"eks.amazonaws.com\"}}],\"Version\":\"2012-10-17\"}",
            "create_date": "2026-06-28T03:43:02Z",
            "description": "",
            "force_detach_policies": false,
            "id": "fip-local-app-role",
            "inline_policy": [],
            "managed_policy_arns": [],
            "max_session_duration": 3600,
            "name": "fip-local-app-role",
            "name_prefix": "",
            "path": "/",
            "permissions_boundary": "",
            "tags": {},
            "tags_all": {},
            "unique_id": "AROAMNFOZO99P1UOONAF"
          },
          "sensitive_attributes": [],
          "identity_schema_version": 0,
          "private": "bnVsbA=="
        }
      ]
    },
    {
      "mode": "managed",
      "type": "aws_iam_role",
      "name": "eks_cluster_role",
      "provider": "provider[\"registry.terraform.io/hashicorp/aws\"]",
      "instances": [
        {
          "schema_version": 0,
          "attributes": {
            "arn": "arn:aws:iam::000000000000:role/fip-local-eks-cluster-role",
            "assume_role_policy": "{\"Statement\":[{\"Action\":\"sts:AssumeRole\",\"Effect\":\"Allow\",\"Principal\":{\"Service\":\"eks.amazonaws.com\"}}],\"Version\":\"2012-10-17\"}",
            "create_date": "2026-06-28T03:43:02Z",
            "description": "",
            "force_detach_policies": false,
            "id": "fip-local-eks-cluster-role",
            "inline_policy": [],
            "managed_policy_arns": [],
            "max_session_duration": 3600,
            "name": "fip-local-eks-cluster-role",
            "name_prefix": "",
            "path": "/",
            "permissions_boundary": "",
            "tags": {},
            "tags_all": {},
            "unique_id": "AROA9TY4LUW45EGJ2RRU"
          },
          "sensitive_attributes": [],
          "identity_schema_version": 0,
          "private": "bnVsbA=="
        }
      ]
    },
    {
      "mode": "managed",
      "type": "aws_msk_cluster",
      "name": "main",
      "provider": "provider[\"registry.terraform.io/hashicorp/aws\"]",
      "instances": [
        {
          "schema_version": 0,
          "attributes": {
            "arn": "arn:aws:kafka:us-east-1:000000000000:cluster/fip-local-msk/cb2a5802-f3d6-42f8-87f7-742d4de254a8",
            "bootstrap_brokers": "172.17.0.4:9092",
            "bootstrap_brokers_public_sasl_iam": "",
            "bootstrap_brokers_public_sasl_scram": "",
            "bootstrap_brokers_public_tls": "",
            "bootstrap_brokers_sasl_iam": "",
            "bootstrap_brokers_sasl_scram": "",
            "bootstrap_brokers_tls": "",
            "bootstrap_brokers_vpc_connectivity_sasl_iam": "",
            "bootstrap_brokers_vpc_connectivity_sasl_scram": "",
            "bootstrap_brokers_vpc_connectivity_tls": "",
            "broker_node_group_info": [],
            "client_authentication": [],
            "cluster_name": "fip-local-msk",
            "cluster_uuid": "cb2a5802-f3d6-42f8-87f7-742d4de254a8",
            "configuration_info": [],
            "current_version": "K3V6I1",
            "encryption_info": [],
            "enhanced_monitoring": "",
            "id": "arn:aws:kafka:us-east-1:000000000000:cluster/fip-local-msk/cb2a5802-f3d6-42f8-87f7-742d4de254a8",
            "kafka_version": "3.5.1",
            "logging_info": [],
            "number_of_broker_nodes": 1,
            "open_monitoring": [],
            "storage_mode": "",
            "tags": {},
            "tags_all": {},
            "timeouts": null,
            "zookeeper_connect_string": "localhost:2181",
            "zookeeper_connect_string_tls": ""
          },
          "sensitive_attributes": [],
          "identity_schema_version": 0,
          "private": "eyJlMmJmYjczMC1lY2FhLTExZTYtOGY4OC0zNDM2M2JjN2M0YzAiOnsiY3JlYXRlIjo3MjAwMDAwMDAwMDAwLCJkZWxldGUiOjcyMDAwMDAwMDAwMDAsInVwZGF0ZSI6NzIwMDAwMDAwMDAwMH19",
          "dependencies": [
            "aws_security_group.platform",
            "aws_subnet.private_a",
            "aws_subnet.private_b",
            "aws_vpc.main"
          ]
        }
      ]
    },
    {
      "mode": "managed",
      "type": "aws_s3_bucket",
      "name": "artifacts",
      "provider": "provider[\"registry.terraform.io/hashicorp/aws\"]",
      "instances": [
        {
          "schema_version": 0,
          "attributes": {
            "acceleration_status": "",
            "acl": null,
            "arn": "arn:aws:s3:::fip-local-artifacts",
            "bucket": "fip-local-artifacts",
            "bucket_domain_name": "fip-local-artifacts.s3.amazonaws.com",
            "bucket_prefix": "",
            "bucket_regional_domain_name": "fip-local-artifacts.s3.us-west-2.amazonaws.com",
            "cors_rule": [],
            "force_destroy": false,
            "grant": [
              {
                "id": "000000000000",
                "permissions": [
                  "FULL_CONTROL"
                ],
                "type": "CanonicalUser",
                "uri": ""
              }
            ],
            "hosted_zone_id": "Z3BJ6K6RIION7M",
            "id": "fip-local-artifacts",
            "lifecycle_rule": [],
            "logging": [],
            "object_lock_configuration": [],
            "object_lock_enabled": false,
            "policy": "",
            "region": "us-west-2",
            "replication_configuration": [
              {
                "role": null,
                "rules": null
              }
            ],
            "request_payer": "BucketOwner",
            "server_side_encryption_configuration": [],
            "tags": {
              "Environment": "local",
              "ManagedBy": "terraform",
              "Project": "feedback-intelligence-platform",
              "Tenant": "curry_bowl_express"
            },
            "tags_all": {
              "Environment": "local",
              "ManagedBy": "terraform",
              "Project": "feedback-intelligence-platform",
              "Tenant": "curry_bowl_express"
            },
            "timeouts": null,
            "versioning": [
              {
                "enabled": false,
                "mfa_delete": false
              }
            ],
            "website": [],
            "website_domain": null,
            "website_endpoint": null
          },
          "sensitive_attributes": [],
          "identity_schema_version": 0,
          "private": "eyJlMmJmYjczMC1lY2FhLTExZTYtOGY4OC0zNDM2M2JjN2M0YzAiOnsiY3JlYXRlIjoxMjAwMDAwMDAwMDAwLCJkZWxldGUiOjM2MDAwMDAwMDAwMDAsInJlYWQiOjEyMDAwMDAwMDAwMDAsInVwZGF0ZSI6MTIwMDAwMDAwMDAwMH19"
        }
      ]
    },
    {
      "mode": "managed",
      "type": "aws_s3_bucket",
      "name": "processed",
      "provider": "provider[\"registry.terraform.io/hashicorp/aws\"]",
      "instances": [
        {
          "schema_version": 0,
          "attributes": {
            "acceleration_status": "",
            "acl": null,
            "arn": "arn:aws:s3:::fip-local-processed",
            "bucket": "fip-local-processed",
            "bucket_domain_name": "fip-local-processed.s3.amazonaws.com",
            "bucket_prefix": "",
            "bucket_regional_domain_name": "fip-local-processed.s3.us-west-2.amazonaws.com",
            "cors_rule": [],
            "force_destroy": false,
            "grant": [
              {
                "id": "000000000000",
                "permissions": [
                  "FULL_CONTROL"
                ],
                "type": "CanonicalUser",
                "uri": ""
              }
            ],
            "hosted_zone_id": "Z3BJ6K6RIION7M",
            "id": "fip-local-processed",
            "lifecycle_rule": [],
            "logging": [],
            "object_lock_configuration": [],
            "object_lock_enabled": false,
            "policy": "",
            "region": "us-west-2",
            "replication_configuration": [
              {
                "role": null,
                "rules": null
              }
            ],
            "request_payer": "BucketOwner",
            "server_side_encryption_configuration": [],
            "tags": {
              "Environment": "local",
              "ManagedBy": "terraform",
              "Project": "feedback-intelligence-platform",
              "Tenant": "curry_bowl_express"
            },
            "tags_all": {
              "Environment": "local",
              "ManagedBy": "terraform",
              "Project": "feedback-intelligence-platform",
              "Tenant": "curry_bowl_express"
            },
            "timeouts": null,
            "versioning": [
              {
                "enabled": false,
                "mfa_delete": false
              }
            ],
            "website": [],
            "website_domain": null,
            "website_endpoint": null
          },
          "sensitive_attributes": [],
          "identity_schema_version": 0,
          "private": "eyJlMmJmYjczMC1lY2FhLTExZTYtOGY4OC0zNDM2M2JjN2M0YzAiOnsiY3JlYXRlIjoxMjAwMDAwMDAwMDAwLCJkZWxldGUiOjM2MDAwMDAwMDAwMDAsInJlYWQiOjEyMDAwMDAwMDAwMDAsInVwZGF0ZSI6MTIwMDAwMDAwMDAwMH19"
        }
      ]
    },
    {
      "mode": "managed",
      "type": "aws_s3_bucket",
      "name": "raw",
      "provider": "provider[\"registry.terraform.io/hashicorp/aws\"]",
      "instances": [
        {
          "schema_version": 0,
          "attributes": {
            "acceleration_status": "",
            "acl": null,
            "arn": "arn:aws:s3:::fip-local-raw",
            "bucket": "fip-local-raw",
            "bucket_domain_name": "fip-local-raw.s3.amazonaws.com",
            "bucket_prefix": "",
            "bucket_regional_domain_name": "fip-local-raw.s3.us-west-2.amazonaws.com",
            "cors_rule": [],
            "force_destroy": false,
            "grant": [
              {
                "id": "000000000000",
                "permissions": [
                  "FULL_CONTROL"
                ],
                "type": "CanonicalUser",
                "uri": ""
              }
            ],
            "hosted_zone_id": "Z3BJ6K6RIION7M",
            "id": "fip-local-raw",
            "lifecycle_rule": [],
            "logging": [],
            "object_lock_configuration": [],
            "object_lock_enabled": false,
            "policy": "",
            "region": "us-west-2",
            "replication_configuration": [
              {
                "role": null,
                "rules": null
              }
            ],
            "request_payer": "BucketOwner",
            "server_side_encryption_configuration": [],
            "tags": {
              "Environment": "local",
              "ManagedBy": "terraform",
              "Project": "feedback-intelligence-platform",
              "Tenant": "curry_bowl_express"
            },
            "tags_all": {
              "Environment": "local",
              "ManagedBy": "terraform",
              "Project": "feedback-intelligence-platform",
              "Tenant": "curry_bowl_express"
            },
            "timeouts": null,
            "versioning": [
              {
                "enabled": false,
                "mfa_delete": false
              }
            ],
            "website": [],
            "website_domain": null,
            "website_endpoint": null
          },
          "sensitive_attributes": [],
          "identity_schema_version": 0,
          "private": "eyJlMmJmYjczMC1lY2FhLTExZTYtOGY4OC0zNDM2M2JjN2M0YzAiOnsiY3JlYXRlIjoxMjAwMDAwMDAwMDAwLCJkZWxldGUiOjM2MDAwMDAwMDAwMDAsInJlYWQiOjEyMDAwMDAwMDAwMDAsInVwZGF0ZSI6MTIwMDAwMDAwMDAwMH19"
        }
      ]
    },
    {
      "mode": "managed",
      "type": "aws_secretsmanager_secret",
      "name": "db_password",
      "provider": "provider[\"registry.terraform.io/hashicorp/aws\"]",
      "instances": [
        {
          "schema_version": 0,
          "attributes": {
            "arn": "arn:aws:secretsmanager:us-west-2:000000000000:secret:/feedback/local/db_password-FT70ZF",
            "description": "",
            "force_overwrite_replica_secret": false,
            "id": "arn:aws:secretsmanager:us-west-2:000000000000:secret:/feedback/local/db_password-FT70ZF",
            "kms_key_id": "",
            "name": "/feedback/local/db_password",
            "name_prefix": "",
            "policy": "",
            "recovery_window_in_days": 30,
            "replica": [],
            "tags": {
              "Environment": "local",
              "ManagedBy": "terraform",
              "Project": "feedback-intelligence-platform",
              "Tenant": "curry_bowl_express"
            },
            "tags_all": {
              "Environment": "local",
              "ManagedBy": "terraform",
              "Project": "feedback-intelligence-platform",
              "Tenant": "curry_bowl_express"
            }
          },
          "sensitive_attributes": [],
          "identity_schema_version": 0,
          "private": "bnVsbA=="
        }
      ]
    },
    {
      "mode": "managed",
      "type": "aws_secretsmanager_secret",
      "name": "jwt_secret",
      "provider": "provider[\"registry.terraform.io/hashicorp/aws\"]",
      "instances": [
        {
          "schema_version": 0,
          "attributes": {
            "arn": "arn:aws:secretsmanager:us-west-2:000000000000:secret:/feedback/local/jwt_secret-6T617J",
            "description": "",
            "force_overwrite_replica_secret": false,
            "id": "arn:aws:secretsmanager:us-west-2:000000000000:secret:/feedback/local/jwt_secret-6T617J",
            "kms_key_id": "",
            "name": "/feedback/local/jwt_secret",
            "name_prefix": "",
            "policy": "",
            "recovery_window_in_days": 30,
            "replica": [],
            "tags": {
              "Environment": "local",
              "ManagedBy": "terraform",
              "Project": "feedback-intelligence-platform",
              "Tenant": "curry_bowl_express"
            },
            "tags_all": {
              "Environment": "local",
              "ManagedBy": "terraform",
              "Project": "feedback-intelligence-platform",
              "Tenant": "curry_bowl_express"
            }
          },
          "sensitive_attributes": [],
          "identity_schema_version": 0,
          "private": "bnVsbA=="
        }
      ]
    },
    {
      "mode": "managed",
      "type": "aws_secretsmanager_secret",
      "name": "openai_api_key",
      "provider": "provider[\"registry.terraform.io/hashicorp/aws\"]",
      "instances": [
        {
          "schema_version": 0,
          "attributes": {
            "arn": "arn:aws:secretsmanager:us-west-2:000000000000:secret:/feedback/local/openai_api_key-Y6APOJ",
            "description": "",
            "force_overwrite_replica_secret": false,
            "id": "arn:aws:secretsmanager:us-west-2:000000000000:secret:/feedback/local/openai_api_key-Y6APOJ",
            "kms_key_id": "",
            "name": "/feedback/local/openai_api_key",
            "name_prefix": "",
            "policy": "",
            "recovery_window_in_days": 30,
            "replica": [],
            "tags": {
              "Environment": "local",
              "ManagedBy": "terraform",
              "Project": "feedback-intelligence-platform",
              "Tenant": "curry_bowl_express"
            },
            "tags_all": {
              "Environment": "local",
              "ManagedBy": "terraform",
              "Project": "feedback-intelligence-platform",
              "Tenant": "curry_bowl_express"
            }
          },
          "sensitive_attributes": [],
          "identity_schema_version": 0,
          "private": "bnVsbA=="
        }
      ]
    },
    {
      "mode": "managed",
      "type": "aws_secretsmanager_secret_version",
      "name": "db_password_value",
      "provider": "provider[\"registry.terraform.io/hashicorp/aws\"]",
      "instances": [
        {
          "schema_version": 0,
          "attributes": {
            "arn": "arn:aws:secretsmanager:us-west-2:000000000000:secret:/feedback/local/db_password-FT70ZF",
            "has_secret_string_wo": null,
            "id": "arn:aws:secretsmanager:us-west-2:000000000000:secret:/feedback/local/db_password-FT70ZF|terraform-20260628034302735100000006",
            "secret_binary": "",
            "secret_id": "arn:aws:secretsmanager:us-west-2:000000000000:secret:/feedback/local/db_password-FT70ZF",
            "secret_string": "local-db-password-replace-in-prod",
            "secret_string_wo": null,
            "secret_string_wo_version": null,
            "version_id": "terraform-20260628034302735100000006",
            "version_stages": [
              "AWSCURRENT"
            ]
          },
          "sensitive_attributes": [
            [
              {
                "type": "get_attr",
                "value": "secret_binary"
              }
            ],
            [
              {
                "type": "get_attr",
                "value": "secret_string"
              }
            ],
            [
              {
                "type": "get_attr",
                "value": "secret_string_wo"
              }
            ]
          ],
          "identity_schema_version": 0,
          "private": "bnVsbA==",
          "dependencies": [
            "aws_secretsmanager_secret.db_password"
          ]
        }
      ]
    },
    {
      "mode": "managed",
      "type": "aws_secretsmanager_secret_version",
      "name": "jwt_secret_value",
      "provider": "provider[\"registry.terraform.io/hashicorp/aws\"]",
      "instances": [
        {
          "schema_version": 0,
          "attributes": {
            "arn": "arn:aws:secretsmanager:us-west-2:000000000000:secret:/feedback/local/jwt_secret-6T617J",
            "has_secret_string_wo": null,
            "id": "arn:aws:secretsmanager:us-west-2:000000000000:secret:/feedback/local/jwt_secret-6T617J|terraform-20260628034302710800000004",
            "secret_binary": "",
            "secret_id": "arn:aws:secretsmanager:us-west-2:000000000000:secret:/feedback/local/jwt_secret-6T617J",
            "secret_string": "local-jwt-secret-replace-in-prod",
            "secret_string_wo": null,
            "secret_string_wo_version": null,
            "version_id": "terraform-20260628034302710800000004",
            "version_stages": [
              "AWSCURRENT"
            ]
          },
          "sensitive_attributes": [
            [
              {
                "type": "get_attr",
                "value": "secret_binary"
              }
            ],
            [
              {
                "type": "get_attr",
                "value": "secret_string"
              }
            ],
            [
              {
                "type": "get_attr",
                "value": "secret_string_wo"
              }
            ]
          ],
          "identity_schema_version": 0,
          "private": "bnVsbA==",
          "dependencies": [
            "aws_secretsmanager_secret.jwt_secret"
          ]
        }
      ]
    },
    {
      "mode": "managed",
      "type": "aws_secretsmanager_secret_version",
      "name": "openai_api_key_value",
      "provider": "provider[\"registry.terraform.io/hashicorp/aws\"]",
      "instances": [
        {
          "schema_version": 0,
          "attributes": {
            "arn": "arn:aws:secretsmanager:us-west-2:000000000000:secret:/feedback/local/openai_api_key-Y6APOJ",
            "has_secret_string_wo": null,
            "id": "arn:aws:secretsmanager:us-west-2:000000000000:secret:/feedback/local/openai_api_key-Y6APOJ|terraform-20260628034302715100000005",
            "secret_binary": "",
            "secret_id": "arn:aws:secretsmanager:us-west-2:000000000000:secret:/feedback/local/openai_api_key-Y6APOJ",
            "secret_string": "sk-dummy-local-key-replace-in-prod",
            "secret_string_wo": null,
            "secret_string_wo_version": null,
            "version_id": "terraform-20260628034302715100000005",
            "version_stages": [
              "AWSCURRENT"
            ]
          },
          "sensitive_attributes": [
            [
              {
                "type": "get_attr",
                "value": "secret_binary"
              }
            ],
            [
              {
                "type": "get_attr",
                "value": "secret_string"
              }
            ],
            [
              {
                "type": "get_attr",
                "value": "secret_string_wo"
              }
            ]
          ],
          "identity_schema_version": 0,
          "private": "bnVsbA==",
          "dependencies": [
            "aws_secretsmanager_secret.openai_api_key"
          ]
        }
      ]
    },
    {
      "mode": "managed",
      "type": "aws_security_group",
      "name": "platform",
      "provider": "provider[\"registry.terraform.io/hashicorp/aws\"]",
      "instances": [
        {
          "schema_version": 1,
          "attributes": {
            "arn": "arn:aws:ec2:us-west-2:000000000000:security-group/sg-23d7d8a7a8ddeda44",
            "description": "Local platform security group for FLOCI EKS and MSK",
            "egress": [
              {
                "cidr_blocks": [
                  "0.0.0.0/0"
                ],
                "description": "Allow all local outbound traffic",
                "from_port": 0,
                "ipv6_cidr_blocks": [],
                "prefix_list_ids": [],
                "protocol": "-1",
                "security_groups": [],
                "self": false,
                "to_port": 0
              }
            ],
            "id": "sg-23d7d8a7a8ddeda44",
            "ingress": [
              {
                "cidr_blocks": [
                  "10.20.0.0/16",
                  "127.0.0.1/32"
                ],
                "description": "Allow local platform internal traffic",
                "from_port": 0,
                "ipv6_cidr_blocks": [],
                "prefix_list_ids": [],
                "protocol": "-1",
                "security_groups": [],
                "self": false,
                "to_port": 0
              }
            ],
            "name": "fip-local-platform-sg",
            "name_prefix": "",
            "owner_id": "000000000000",
            "revoke_rules_on_delete": false,
            "tags": {},
            "tags_all": {},
            "timeouts": null,
            "vpc_id": "vpc-1bcb45ea"
          },
          "sensitive_attributes": [],
          "identity_schema_version": 0,
          "private": "eyJlMmJmYjczMC1lY2FhLTExZTYtOGY4OC0zNDM2M2JjN2M0YzAiOnsiY3JlYXRlIjo2MDAwMDAwMDAwMDAsImRlbGV0ZSI6OTAwMDAwMDAwMDAwfSwic2NoZW1hX3ZlcnNpb24iOiIxIn0=",
          "dependencies": [
            "aws_vpc.main"
          ]
        }
      ]
    },
    {
      "mode": "managed",
      "type": "aws_sqs_queue",
      "name": "feedback_dlq",
      "provider": "provider[\"registry.terraform.io/hashicorp/aws\"]",
      "instances": [
        {
          "schema_version": 0,
          "attributes": {
            "arn": "arn:aws:sqs:us-west-2:000000000000:fip-local-feedback-dlq",
            "content_based_deduplication": false,
            "deduplication_scope": "",
            "delay_seconds": 0,
            "fifo_queue": false,
            "fifo_throughput_limit": "",
            "id": "http://localhost:4566/000000000000/fip-local-feedback-dlq",
            "kms_data_key_reuse_period_seconds": 300,
            "kms_master_key_id": "",
            "max_message_size": 262144,
            "message_retention_seconds": 1209600,
            "name": "fip-local-feedback-dlq",
            "name_prefix": "",
            "policy": "",
            "receive_wait_time_seconds": 0,
            "redrive_allow_policy": "",
            "redrive_policy": "",
            "sqs_managed_sse_enabled": false,
            "tags": {
              "Environment": "local",
              "ManagedBy": "terraform",
              "Project": "feedback-intelligence-platform",
              "Tenant": "curry_bowl_express"
            },
            "tags_all": {
              "Environment": "local",
              "ManagedBy": "terraform",
              "Project": "feedback-intelligence-platform",
              "Tenant": "curry_bowl_express"
            },
            "timeouts": null,
            "url": "http://localhost:4566/000000000000/fip-local-feedback-dlq",
            "visibility_timeout_seconds": 30
          },
          "sensitive_attributes": [],
          "identity_schema_version": 0,
          "private": "eyJlMmJmYjczMC1lY2FhLTExZTYtOGY4OC0zNDM2M2JjN2M0YzAiOnsiY3JlYXRlIjoxODAwMDAwMDAwMDAsImRlbGV0ZSI6MTgwMDAwMDAwMDAwLCJ1cGRhdGUiOjE4MDAwMDAwMDAwMH19"
        }
      ]
    },
    {
      "mode": "managed",
      "type": "aws_subnet",
      "name": "private_a",
      "provider": "provider[\"registry.terraform.io/hashicorp/aws\"]",
      "instances": [
        {
          "schema_version": 1,
          "attributes": {
            "arn": "arn:aws:ec2:us-west-2:000000000000:subnet/subnet-2d3f1da6",
            "assign_ipv6_address_on_creation": false,
            "availability_zone": "us-west-2a",
            "availability_zone_id": "us-west-2-az1",
            "cidr_block": "10.20.1.0/24",
            "customer_owned_ipv4_pool": "",
            "enable_dns64": false,
            "enable_lni_at_device_index": 0,
            "enable_resource_name_dns_a_record_on_launch": false,
            "enable_resource_name_dns_aaaa_record_on_launch": false,
            "id": "subnet-2d3f1da6",
            "ipv6_cidr_block": "",
            "ipv6_cidr_block_association_id": "",
            "ipv6_native": false,
            "map_customer_owned_ip_on_launch": false,
            "map_public_ip_on_launch": false,
            "outpost_arn": "",
            "owner_id": "000000000000",
            "private_dns_hostname_type_on_launch": "",
            "tags": {},
            "tags_all": {},
            "timeouts": null,
            "vpc_id": "vpc-1bcb45ea"
          },
          "sensitive_attributes": [],
          "identity_schema_version": 0,
          "private": "eyJlMmJmYjczMC1lY2FhLTExZTYtOGY4OC0zNDM2M2JjN2M0YzAiOnsiY3JlYXRlIjo2MDAwMDAwMDAwMDAsImRlbGV0ZSI6MTIwMDAwMDAwMDAwMH0sInNjaGVtYV92ZXJzaW9uIjoiMSJ9",
          "dependencies": [
            "aws_vpc.main"
          ]
        }
      ]
    },
    {
      "mode": "managed",
      "type": "aws_subnet",
      "name": "private_b",
      "provider": "provider[\"registry.terraform.io/hashicorp/aws\"]",
      "instances": [
        {
          "schema_version": 1,
          "attributes": {
            "arn": "arn:aws:ec2:us-west-2:000000000000:subnet/subnet-fd713916",
            "assign_ipv6_address_on_creation": false,
            "availability_zone": "us-west-2b",
            "availability_zone_id": "us-west-2-az1",
            "cidr_block": "10.20.2.0/24",
            "customer_owned_ipv4_pool": "",
            "enable_dns64": false,
            "enable_lni_at_device_index": 0,
            "enable_resource_name_dns_a_record_on_launch": false,
            "enable_resource_name_dns_aaaa_record_on_launch": false,
            "id": "subnet-fd713916",
            "ipv6_cidr_block": "",
            "ipv6_cidr_block_association_id": "",
            "ipv6_native": false,
            "map_customer_owned_ip_on_launch": false,
            "map_public_ip_on_launch": false,
            "outpost_arn": "",
            "owner_id": "000000000000",
            "private_dns_hostname_type_on_launch": "",
            "tags": {},
            "tags_all": {},
            "timeouts": null,
            "vpc_id": "vpc-1bcb45ea"
          },
          "sensitive_attributes": [],
          "identity_schema_version": 0,
          "private": "eyJlMmJmYjczMC1lY2FhLTExZTYtOGY4OC0zNDM2M2JjN2M0YzAiOnsiY3JlYXRlIjo2MDAwMDAwMDAwMDAsImRlbGV0ZSI6MTIwMDAwMDAwMDAwMH0sInNjaGVtYV92ZXJzaW9uIjoiMSJ9",
          "dependencies": [
            "aws_vpc.main"
          ]
        }
      ]
    },
    {
      "mode": "managed",
      "type": "aws_vpc",
      "name": "main",
      "provider": "provider[\"registry.terraform.io/hashicorp/aws\"]",
      "instances": [
        {
          "schema_version": 1,
          "attributes": {
            "arn": "arn:aws:ec2:us-west-2:000000000000:vpc/vpc-1bcb45ea",
            "assign_generated_ipv6_cidr_block": false,
            "cidr_block": "10.20.0.0/16",
            "default_network_acl_id": "acl-2151d7ff1a4d38455",
            "default_route_table_id": "rtb-8b027f3e23c0c2210",
            "default_security_group_id": "sg-836c52e4c33920c76",
            "dhcp_options_id": "dopt-default",
            "enable_dns_hostnames": true,
            "enable_dns_support": true,
            "enable_network_address_usage_metrics": false,
            "id": "vpc-1bcb45ea",
            "instance_tenancy": "default",
            "ipv4_ipam_pool_id": null,
            "ipv4_netmask_length": null,
            "ipv6_association_id": "",
            "ipv6_cidr_block": "",
            "ipv6_cidr_block_network_border_group": "",
            "ipv6_ipam_pool_id": "",
            "ipv6_netmask_length": 0,
            "main_route_table_id": "rtb-8b027f3e23c0c2210",
            "owner_id": "000000000000",
            "tags": {
              "Environment": "local",
              "ManagedBy": "terraform",
              "Name": "fip-local-vpc",
              "Project": "feedback-intelligence-platform",
              "Tenant": "curry_bowl_express"
            },
            "tags_all": {
              "Environment": "local",
              "ManagedBy": "terraform",
              "Name": "fip-local-vpc",
              "Project": "feedback-intelligence-platform",
              "Tenant": "curry_bowl_express"
            }
          },
          "sensitive_attributes": [],
          "identity_schema_version": 0,
          "private": "eyJzY2hlbWFfdmVyc2lvbiI6IjEifQ=="
        }
      ]
    }
  ],
  "check_results": null
}
